# THIS IS AN AUTOGENERATED FILE. DO NOT EDIT THIS FILE DIRECTLY.
# yarn lockfile v1


fancytree@^0.0.0:
  version "0.0.0"
  resolved "https://registry.yarnpkg.com/fancytree/-/fancytree-0.0.0.tgz#ca6695509598253f8480167c3a29fc3effa61973"
  integrity sha1-ymaVUJWYJT+EgBZ8Oin8Pv+mGXM=

jquery.fancytree@^2.33.0:
  version "2.33.0"
  resolved "https://registry.yarnpkg.com/jquery.fancytree/-/jquery.fancytree-2.33.0.tgz#800f2dfc31d1ea78a644beee050114c6806e10b2"
  integrity sha512-Mzf85wPn/WuyK/JmwFjOCfKefxJtXSq0ZXGYiyTv+154Ybcb2jKnnIqFij4BCO094+c7lWx5MJCeRB/j28pZgQ==

jquery@^3.4.1:
  version "3.4.1"
  resolved "https://registry.yarnpkg.com/jquery/-/jquery-3.4.1.tgz#714f1f8d9dde4bdfa55764ba37ef214630d80ef2"
  integrity sha512-36+AdBzCL+y6qjw5Tx7HgzeGCzC81MDDgaUP8ld2zhx58HdqXGoBd+tHdrBMiyjGQs0Hxs/MLZTu/eHNJJuWPw==
